
Microsoft Visual Studio Solution File, Format Version 12.00
# Visual Studio Version 17
VisualStudioVersion = 17.11.35303.130
MinimumVisualStudioVersion = 10.0.40219.1
Project("{2150E333-8FDC-42A3-9474-1A3956D46DE8}") = "Task0", "Task0", "{E04441C9-6455-4CDE-8B46-E8B52F71CB63}"
EndProject
Project("{9A19103F-16F7-4668-BE54-9A1E7A4F7556}") = "Tyuiu.SeledkovNP.Sprint2.Task0.V20", "Tyuiu.SeledkovNP.Sprint2.Task0.V20\Tyuiu.SeledkovNP.Sprint2.Task0.V20.csproj", "{7816AA61-3D2B-43BB-8378-8620CD4F2184}"
EndProject
Project("{9A19103F-16F7-4668-BE54-9A1E7A4F7556}") = "Tyuiu.SeledkovNP.Sprint2.Task0.V20.Lib", "Tyuiu.SeledkovNP.Sprint2.Task0.V20.Lib\Tyuiu.SeledkovNP.Sprint2.Task0.V20.Lib.csproj", "{CD3A6769-806B-4AB3-876C-E49ACA95697C}"
EndProject
Project("{9A19103F-16F7-4668-BE54-9A1E7A4F7556}") = "Tyuiu.SeledkovNP.Sprint2.Task0.V20.Test", "Tyuiu.SeledkovNP.Sprint2.Task0.V20.Test\Tyuiu.SeledkovNP.Sprint2.Task0.V20.Test.csproj", "{FD80569D-5FD1-4EE9-B3D2-6E05987EADCF}"
EndProject
Project("{2150E333-8FDC-42A3-9474-1A3956D46DE8}") = "Task1", "Task1", "{B01B8BE2-B685-41CB-A525-6588E22696A1}"
EndProject
Project("{FAE04EC0-301F-11D3-BF4B-00C04F79EFBC}") = "Tyuiu.SeledkovNP.Sprint2.Task1.V10", "Tyuiu.SeledkovNP.Sprint2.Task1.V10\Tyuiu.SeledkovNP.Sprint2.Task1.V10.csproj", "{FD2FB00E-007E-4EE5-8E5C-0BD0E3DBDDE2}"
EndProject
Project("{FAE04EC0-301F-11D3-BF4B-00C04F79EFBC}") = "Tyuiu.SeledkovNP.Sprint2.Task1.V10.Lib", "Tyuiu.SeledkovNP.Sprint2.Task1.V10.Lib\Tyuiu.SeledkovNP.Sprint2.Task1.V10.Lib.csproj", "{D089FE55-AFD9-41E5-AC8C-5F1415BD8F76}"
EndProject
Project("{FAE04EC0-301F-11D3-BF4B-00C04F79EFBC}") = "Tyuiu.SeledkovNP.Sprint2.Task1.V10.Test", "Tyuiu.SeledkovNP.Sprint2.Task1.V10.Test\Tyuiu.SeledkovNP.Sprint2.Task1.V10.Test.csproj", "{3523B350-604C-4F55-83E0-3692AF77193C}"
EndProject
Global
	GlobalSection(SolutionConfigurationPlatforms) = preSolution
		Debug|Any CPU = Debug|Any CPU
		Release|Any CPU = Release|Any CPU
	EndGlobalSection
	GlobalSection(ProjectConfigurationPlatforms) = postSolution
		{7816AA61-3D2B-43BB-8378-8620CD4F2184}.Debug|Any CPU.ActiveCfg = Debug|Any CPU
		{7816AA61-3D2B-43BB-8378-8620CD4F2184}.Debug|Any CPU.Build.0 = Debug|Any CPU
		{7816AA61-3D2B-43BB-8378-8620CD4F2184}.Release|Any CPU.ActiveCfg = Release|Any CPU
		{7816AA61-3D2B-43BB-8378-8620CD4F2184}.Release|Any CPU.Build.0 = Release|Any CPU
		{CD3A6769-806B-4AB3-876C-E49ACA95697C}.Debug|Any CPU.ActiveCfg = Debug|Any CPU
		{CD3A6769-806B-4AB3-876C-E49ACA95697C}.Debug|Any CPU.Build.0 = Debug|Any CPU
		{CD3A6769-806B-4AB3-876C-E49ACA95697C}.Release|Any CPU.ActiveCfg = Release|Any CPU
		{CD3A6769-806B-4AB3-876C-E49ACA95697C}.Release|Any CPU.Build.0 = Release|Any CPU
		{FD80569D-5FD1-4EE9-B3D2-6E05987EADCF}.Debug|Any CPU.ActiveCfg = Debug|Any CPU
		{FD80569D-5FD1-4EE9-B3D2-6E05987EADCF}.Debug|Any CPU.Build.0 = Debug|Any CPU
		{FD80569D-5FD1-4EE9-B3D2-6E05987EADCF}.Release|Any CPU.ActiveCfg = Release|Any CPU
		{FD80569D-5FD1-4EE9-B3D2-6E05987EADCF}.Release|Any CPU.Build.0 = Release|Any CPU
		{FD2FB00E-007E-4EE5-8E5C-0BD0E3DBDDE2}.Debug|Any CPU.ActiveCfg = Debug|Any CPU
		{FD2FB00E-007E-4EE5-8E5C-0BD0E3DBDDE2}.Debug|Any CPU.Build.0 = Debug|Any CPU
		{FD2FB00E-007E-4EE5-8E5C-0BD0E3DBDDE2}.Release|Any CPU.ActiveCfg = Release|Any CPU
		{FD2FB00E-007E-4EE5-8E5C-0BD0E3DBDDE2}.Release|Any CPU.Build.0 = Release|Any CPU
		{D089FE55-AFD9-41E5-AC8C-5F1415BD8F76}.Debug|Any CPU.ActiveCfg = Debug|Any CPU
		{D089FE55-AFD9-41E5-AC8C-5F1415BD8F76}.Debug|Any CPU.Build.0 = Debug|Any CPU
		{D089FE55-AFD9-41E5-AC8C-5F1415BD8F76}.Release|Any CPU.ActiveCfg = Release|Any CPU
		{D089FE55-AFD9-41E5-AC8C-5F1415BD8F76}.Release|Any CPU.Build.0 = Release|Any CPU
		{3523B350-604C-4F55-83E0-3692AF77193C}.Debug|Any CPU.ActiveCfg = Debug|Any CPU
		{3523B350-604C-4F55-83E0-3692AF77193C}.Debug|Any CPU.Build.0 = Debug|Any CPU
		{3523B350-604C-4F55-83E0-3692AF77193C}.Release|Any CPU.ActiveCfg = Release|Any CPU
		{3523B350-604C-4F55-83E0-3692AF77193C}.Release|Any CPU.Build.0 = Release|Any CPU
	EndGlobalSection
	GlobalSection(SolutionProperties) = preSolution
		HideSolutionNode = FALSE
	EndGlobalSection
	GlobalSection(NestedProjects) = preSolution
		{7816AA61-3D2B-43BB-8378-8620CD4F2184} = {E04441C9-6455-4CDE-8B46-E8B52F71CB63}
		{CD3A6769-806B-4AB3-876C-E49ACA95697C} = {E04441C9-6455-4CDE-8B46-E8B52F71CB63}
		{FD80569D-5FD1-4EE9-B3D2-6E05987EADCF} = {E04441C9-6455-4CDE-8B46-E8B52F71CB63}
		{FD2FB00E-007E-4EE5-8E5C-0BD0E3DBDDE2} = {B01B8BE2-B685-41CB-A525-6588E22696A1}
		{D089FE55-AFD9-41E5-AC8C-5F1415BD8F76} = {B01B8BE2-B685-41CB-A525-6588E22696A1}
		{3523B350-604C-4F55-83E0-3692AF77193C} = {B01B8BE2-B685-41CB-A525-6588E22696A1}
	EndGlobalSection
	GlobalSection(ExtensibilityGlobals) = postSolution
		SolutionGuid = {737BD335-872B-45AB-96CB-31AC2DD829F0}
	EndGlobalSection
EndGlobal
